
Microsoft Visual Studio Solution File, Format Version 12.00
# Visual Studio 15
VisualStudioVersion = 15.0.28307.902
MinimumVisualStudioVersion = 10.0.40219.1
Project("{FAE04EC0-301F-11D3-BF4B-00C04F79EFBC}") = "SparkplugB", "SparkplugB.csproj", "{68C497F0-4144-423B-BFB8-183649125560}"
EndProject
Global
	GlobalSection(SolutionConfigurationPlatforms) = preSolution
		Debug|Any CPU = Debug|Any CPU
		Release|Any CPU = Release|Any CPU
	EndGlobalSection
	GlobalSection(ProjectConfigurationPlatforms) = postSolution
		{68C497F0-4144-423B-BFB8-183649125560}.Debug|Any CPU.ActiveCfg = Debug|Any CPU
		{68C497F0-4144-423B-BFB8-183649125560}.Debug|Any CPU.Build.0 = Debug|Any CPU
		{68C497F0-4144-423B-BFB8-183649125560}.Release|Any CPU.ActiveCfg = Release|Any CPU
		{68C497F0-4144-423B-BFB8-183649125560}.Release|Any CPU.Build.0 = Release|Any CPU
	EndGlobalSection
	GlobalSection(SolutionProperties) = preSolution
		HideSolutionNode = FALSE
	EndGlobalSection
	GlobalSection(ExtensibilityGlobals) = postSolution
		SolutionGuid = {ACF46E30-FE0B-42AC-A1AB-0BAF6F0C695F}
	EndGlobalSection
EndGlobal
